<?xml version="1.0" encoding="utf-8"?>
<Project ToolsVersion="4.0" xmlns="http://schemas.microsoft.com/developer/msbuild/2003">
  <ItemGroup>
    <Filter Include="Source Files">
      <UniqueIdentifier>{4FC737F1-C7A5-4376-A066-2A32D752A2FF}</UniqueIdentifier>
      <Extensions>cpp;c;cc;cxx;def;odl;idl;hpj;bat;asm;asmx</Extensions>
    </Filter>
    <Filter Include="Core Files">
      <UniqueIdentifier>{a18aefdd-2a17-4cfc-b1f3-e077f38d0513}</UniqueIdentifier>
    </Filter>
    <Filter Include="Main">
      <UniqueIdentifier>{8db43c6d-99f3-427f-8cbd-8cda107c7a6a}</UniqueIdentifier>
    </Filter>
  </ItemGroup>
  <ItemGroup>
    <ClCompile Include="Source\Ship.cpp">
      <Filter>Source Files</Filter>
    </ClCompile>
    <ClCompile Include="Source\Asteroid.cpp">
      <Filter>Source Files</Filter>
    </ClCompile>
    <ClCompile Include="Source\Laser.cpp">
      <Filter>Source Files</Filter>
    </ClCompile>
    <ClCompile Include="Source\WeaponComponent.cpp">
      <Filter>Source Files</Filter>
    </ClCompile>
    <ClCompile Include="Core\Game.cpp">
      <Filter>Core Files</Filter>
    </ClCompile>
    <ClCompile Include="Main.cpp">
      <Filter>Main</Filter>
    </ClCompile>
    <ClCompile Include="Core\SpriteComponent.cpp">
      <Filter>Core Files</Filter>
    </ClCompile>
    <ClCompile Include="Core\Component.cpp">
      <Filter>Core Files</Filter>
    </ClCompile>
    <ClCompile Include="Core\CircleComponent.cpp">
      <Filter>Core Files</Filter>
    </ClCompile>
    <ClCompile Include="Core\InputComponent.cpp">
      <Filter>Core Files</Filter>
    </ClCompile>
    <ClCompile Include="Core\Random.cpp">
      <Filter>Core Files</Filter>
    </ClCompile>
    <ClCompile Include="Core\Actor.cpp">
      <Filter>Core Files</Filter>
    </ClCompile>
    <ClCompile Include="Math.cpp">
      <Filter>Source Files</Filter>
    </ClCompile>
    <ClCompile Include="Source\Enemy.cpp">
      <Filter>Source Files</Filter>
    </ClCompile>
    <ClCompile Include="Source\AsteroidLine.cpp">
      <Filter>Source Files</Filter>
    </ClCompile>
    <ClCompile Include="Core\MoveComponent.cpp">
      <Filter>Core Files</Filter>
    </ClCompile>
    <ClCompile Include="Source\Level.cpp">
      <Filter>Source Files</Filter>
    </ClCompile>
    <ClCompile Include="Core\Font.cpp">
      <Filter>Source Files</Filter>
    </ClCompile>
  </ItemGroup>
  <ItemGroup>
    <ClInclude Include="Source\Ship.h">
      <Filter>Source Files</Filter>
    </ClInclude>
    <ClInclude Include="Source\Asteroid.h">
      <Filter>Source Files</Filter>
    </ClInclude>
    <ClInclude Include="Source\Laser.h">
      <Filter>Source Files</Filter>
    </ClInclude>
    <ClInclude Include="Source\WeaponComponent.h">
      <Filter>Source Files</Filter>
    </ClInclude>
    <ClInclude Include="Source\Enemy.h">
      <Filter>Source Files</Filter>
    </ClInclude>
    <ClInclude Include="Core\Game.h">
      <Filter>Core Files</Filter>
    </ClInclude>
    <ClInclude Include="Core\Actor.h">
      <Filter>Core Files</Filter>
    </ClInclude>
    <ClInclude Include="Core\CircleComponent.h">
      <Filter>Core Files</Filter>
    </ClInclude>
    <ClInclude Include="Core\Component.h">
      <Filter>Core Files</Filter>
    </ClInclude>
    <ClInclude Include="Core\InputComponent.h">
      <Filter>Core Files</Filter>
    </ClInclude>
    <ClInclude Include="Core\MoveComponent.h">
      <Filter>Core Files</Filter>
    </ClInclude>
    <ClInclude Include="Core\Random.h">
      <Filter>Core Files</Filter>
    </ClInclude>
    <ClInclude Include="Core\SpriteComponent.h">
      <Filter>Core Files</Filter>
    </ClInclude>
    <ClInclude Include="Math.h">
      <Filter>Source Files</Filter>
    </ClInclude>
    <ClInclude Include="Source\AsteroidLine.h">
      <Filter>Source Files</Filter>
    </ClInclude>
    <ClInclude Include="Source\Level.h">
      <Filter>Source Files</Filter>
    </ClInclude>
    <ClInclude Include="Core\Font.h" />
    <ClInclude Include="Source\EnemyMoveComponent.h" />
  </ItemGroup>
</Project>